// !$*UTF8*$!
{
	archiveVersion = 1;
	classes = {
	};
	objectVersion = 46;
	objects = {

/* Begin PBXBuildFile section */
		CB3BFE9F17038ABA00DA72A2 /* PlayingCardDeck.m in Sources */ = {isa = PBXBuildFile; fileRef = CB3BFE9E17038ABA00DA72A2 /* PlayingCardDeck.m */; };
		CB3BFEC8170627C000DA72A2 /* CardMatchingGame.m in Sources */ = {isa = PBXBuildFile; fileRef = CB3BFEC7170627BF00DA72A2 /* CardMatchingGame.m */; };
		CB70BD6E16C9BF4A00A41D9B /* Card.m in Sources */ = {isa = PBXBuildFile; fileRef = CB70BD6D16C9BF4A00A41D9B /* Card.m */; };
		CB70BD7016C9C07200A41D9B /* MainStoryboard.storyboard in Resources */ = {isa = PBXBuildFile; fileRef = CB70BD6F16C9C07200A41D9B /* MainStoryboard.storyboard */; };
		CB70BD7316C9C09000A41D9B /* Deck.m in Sources */ = {isa = PBXBuildFile; fileRef = CB70BD7216C9C09000A41D9B /* Deck.m */; };
		CB70BD7616C9CB5400A41D9B /* PlayingCard.m in Sources */ = {isa = PBXBuildFile; fileRef = CB70BD7516C9CB5400A41D9B /* PlayingCard.m */; };
		CB70BD7916CB13A800A41D9B /* CardGameViewController.m in Sources */ = {isa = PBXBuildFile; fileRef = CB70BD7816CB13A800A41D9B /* CardGameViewController.m */; };
		CBA99DF216C597E00004DB3C /* UIKit.framework in Frameworks */ = {isa = PBXBuildFile; fileRef = CBA99DF116C597E00004DB3C /* UIKit.framework */; };
		CBA99DF416C597E00004DB3C /* Foundation.framework in Frameworks */ = {isa = PBXBuildFile; fileRef = CBA99DF316C597E00004DB3C /* Foundation.framework */; };
		CBA99DF616C597E00004DB3C /* CoreGraphics.framework in Frameworks */ = {isa = PBXBuildFile; fileRef = CBA99DF516C597E00004DB3C /* CoreGraphics.framework */; };
		CBA99DFC16C597E00004DB3C /* InfoPlist.strings in Resources */ = {isa = PBXBuildFile; fileRef = CBA99DFA16C597E00004DB3C /* InfoPlist.strings */; };
		CBA99DFE16C597E00004DB3C /* main.m in Sources */ = {isa = PBXBuildFile; fileRef = CBA99DFD16C597E00004DB3C /* main.m */; };
		CBA99E0216C597E00004DB3C /* AppDelegate.m in Sources */ = {isa = PBXBuildFile; fileRef = CBA99E0116C597E00004DB3C /* AppDelegate.m */; };
		CBA99E0416C597E00004DB3C /* Default.png in Resources */ = {isa = PBXBuildFile; fileRef = CBA99E0316C597E00004DB3C /* Default.png */; };
		CBA99E0616C597E00004DB3C /* Default@2x.png in Resources */ = {isa = PBXBuildFile; fileRef = CBA99E0516C597E00004DB3C /* Default@2x.png */; };
		CBA99E0816C597E00004DB3C /* Default-568h@2x.png in Resources */ = {isa = PBXBuildFile; fileRef = CBA99E0716C597E00004DB3C /* Default-568h@2x.png */; };
		CBBDCD7E1718A916008D1C1D /* GameResultsViewController.m in Sources */ = {isa = PBXBuildFile; fileRef = CBBDCD7D1718A916008D1C1D /* GameResultsViewController.m */; };
		CBBDCD861718BB0C008D1C1D /* appIcon30x30.png in Resources */ = {isa = PBXBuildFile; fileRef = CBBDCD851718BB0C008D1C1D /* appIcon30x30.png */; };
		CBBDCD8A1718CD06008D1C1D /* star.png in Resources */ = {isa = PBXBuildFile; fileRef = CBBDCD871718CD06008D1C1D /* star.png */; };
		CBBDCD8B1718CD06008D1C1D /* globe.png in Resources */ = {isa = PBXBuildFile; fileRef = CBBDCD881718CD06008D1C1D /* globe.png */; };
		CBBDCD8C1718CD06008D1C1D /* play.png in Resources */ = {isa = PBXBuildFile; fileRef = CBBDCD891718CD06008D1C1D /* play.png */; };
		CBBF72CD171F1DB000593B29 /* GameResults.m in Sources */ = {isa = PBXBuildFile; fileRef = CBBF72CC171F1DB000593B29 /* GameResults.m */; };
		CBDBD0861715DE1A00F2728F /* Badges30x30.png in Resources */ = {isa = PBXBuildFile; fileRef = CBDBD0851715DE1A00F2728F /* Badges30x30.png */; };
		CBDBD0901715E5A300F2728F /* pie40x40.png in Resources */ = {isa = PBXBuildFile; fileRef = CBDBD08E1715E5A300F2728F /* pie40x40.png */; };
		CBDBD0911715E5A300F2728F /* pie50x50.png in Resources */ = {isa = PBXBuildFile; fileRef = CBDBD08F1715E5A300F2728F /* pie50x50.png */; };
		CBDBD0941715E5D000F2728F /* appIconHiRes.png in Resources */ = {isa = PBXBuildFile; fileRef = CBDBD0921715E5D000F2728F /* appIconHiRes.png */; };
		CBDBD0951715E5D000F2728F /* appIconLowRes.png in Resources */ = {isa = PBXBuildFile; fileRef = CBDBD0931715E5D000F2728F /* appIconLowRes.png */; };
		CBF33D6F1727236B0025CADF /* SetViewController.m in Sources */ = {isa = PBXBuildFile; fileRef = CBF33D6E1727236B0025CADF /* SetViewController.m */; };
/* End PBXBuildFile section */

/* Begin PBXFileReference section */
		CB3BFE9D17038ABA00DA72A2 /* PlayingCardDeck.h */ = {isa = PBXFileReference; fileEncoding = 4; lastKnownFileType = sourcecode.c.h; name = PlayingCardDeck.h; path = Model/PlayingCardDeck.h; sourceTree = "<group>"; };
		CB3BFE9E17038ABA00DA72A2 /* PlayingCardDeck.m */ = {isa = PBXFileReference; fileEncoding = 4; lastKnownFileType = sourcecode.c.objc; name = PlayingCardDeck.m; path = Model/PlayingCardDeck.m; sourceTree = "<group>"; };
		CB3BFEC6170627BC00DA72A2 /* CardMatchingGame.h */ = {isa = PBXFileReference; fileEncoding = 4; lastKnownFileType = sourcecode.c.h; path = CardMatchingGame.h; sourceTree = "<group>"; };
		CB3BFEC7170627BF00DA72A2 /* CardMatchingGame.m */ = {isa = PBXFileReference; fileEncoding = 4; lastKnownFileType = sourcecode.c.objc; path = CardMatchingGame.m; sourceTree = "<group>"; };
		CB70BD6C16C9BF4A00A41D9B /* Card.h */ = {isa = PBXFileReference; fileEncoding = 4; lastKnownFileType = sourcecode.c.h; name = Card.h; path = Model/Card.h; sourceTree = "<group>"; };
		CB70BD6D16C9BF4A00A41D9B /* Card.m */ = {isa = PBXFileReference; fileEncoding = 4; lastKnownFileType = sourcecode.c.objc; name = Card.m; path = Model/Card.m; sourceTree = "<group>"; };
		CB70BD6F16C9C07200A41D9B /* MainStoryboard.storyboard */ = {isa = PBXFileReference; fileEncoding = 4; lastKnownFileType = file.storyboard; name = MainStoryboard.storyboard; path = Storyboards/MainStoryboard.storyboard; sourceTree = "<group>"; };
		CB70BD7116C9C09000A41D9B /* Deck.h */ = {isa = PBXFileReference; fileEncoding = 4; lastKnownFileType = sourcecode.c.h; name = Deck.h; path = Model/Deck.h; sourceTree = "<group>"; };
		CB70BD7216C9C09000A41D9B /* Deck.m */ = {isa = PBXFileReference; fileEncoding = 4; lastKnownFileType = sourcecode.c.objc; name = Deck.m; path = Model/Deck.m; sourceTree = "<group>"; };
		CB70BD7416C9CB5400A41D9B /* PlayingCard.h */ = {isa = PBXFileReference; fileEncoding = 4; lastKnownFileType = sourcecode.c.h; name = PlayingCard.h; path = Model/PlayingCard.h; sourceTree = "<group>"; };
		CB70BD7516C9CB5400A41D9B /* PlayingCard.m */ = {isa = PBXFileReference; fileEncoding = 4; lastKnownFileType = sourcecode.c.objc; name = PlayingCard.m; path = Model/PlayingCard.m; sourceTree = "<group>"; };
		CB70BD7716CB13A800A41D9B /* CardGameViewController.h */ = {isa = PBXFileReference; fileEncoding = 4; lastKnownFileType = sourcecode.c.h; name = CardGameViewController.h; path = ViewControllers/CardGameViewController.h; sourceTree = "<group>"; };
		CB70BD7816CB13A800A41D9B /* CardGameViewController.m */ = {isa = PBXFileReference; fileEncoding = 4; lastKnownFileType = sourcecode.c.objc; name = CardGameViewController.m; path = ViewControllers/CardGameViewController.m; sourceTree = "<group>"; };
		CB7BA845170A1B6200336972 /* Default.png */ = {isa = PBXFileReference; lastKnownFileType = image.png; path = Default.png; sourceTree = "<group>"; };
		CB7BA846170A1B6200336972 /* Default@2x.png */ = {isa = PBXFileReference; lastKnownFileType = image.png; path = "Default@2x.png"; sourceTree = "<group>"; };
		CB7BA849170A1BEC00336972 /* Default-568h@2x.png */ = {isa = PBXFileReference; lastKnownFileType = image.png; path = "Default-568h@2x.png"; sourceTree = "<group>"; };
		CBA99DEE16C597E00004DB3C /* MaloMuchacho.app */ = {isa = PBXFileReference; explicitFileType = wrapper.application; includeInIndex = 0; path = MaloMuchacho.app; sourceTree = BUILT_PRODUCTS_DIR; };
		CBA99DF116C597E00004DB3C /* UIKit.framework */ = {isa = PBXFileReference; lastKnownFileType = wrapper.framework; name = UIKit.framework; path = System/Library/Frameworks/UIKit.framework; sourceTree = SDKROOT; };
		CBA99DF316C597E00004DB3C /* Foundation.framework */ = {isa = PBXFileReference; lastKnownFileType = wrapper.framework; name = Foundation.framework; path = System/Library/Frameworks/Foundation.framework; sourceTree = SDKROOT; };
		CBA99DF516C597E00004DB3C /* CoreGraphics.framework */ = {isa = PBXFileReference; lastKnownFileType = wrapper.framework; name = CoreGraphics.framework; path = System/Library/Frameworks/CoreGraphics.framework; sourceTree = SDKROOT; };
		CBA99DF916C597E00004DB3C /* MaloMuchacho-Info.plist */ = {isa = PBXFileReference; lastKnownFileType = text.plist.xml; path = "MaloMuchacho-Info.plist"; sourceTree = "<group>"; };
		CBA99DFB16C597E00004DB3C /* en */ = {isa = PBXFileReference; lastKnownFileType = text.plist.strings; name = en; path = en.lproj/InfoPlist.strings; sourceTree = "<group>"; };
		CBA99DFD16C597E00004DB3C /* main.m */ = {isa = PBXFileReference; lastKnownFileType = sourcecode.c.objc; path = main.m; sourceTree = "<group>"; };
		CBA99DFF16C597E00004DB3C /* MaloMuchacho-Prefix.pch */ = {isa = PBXFileReference; lastKnownFileType = sourcecode.c.h; path = "MaloMuchacho-Prefix.pch"; sourceTree = "<group>"; };
		CBA99E0016C597E00004DB3C /* AppDelegate.h */ = {isa = PBXFileReference; lastKnownFileType = sourcecode.c.h; path = AppDelegate.h; sourceTree = "<group>"; };
		CBA99E0116C597E00004DB3C /* AppDelegate.m */ = {isa = PBXFileReference; lastKnownFileType = sourcecode.c.objc; path = AppDelegate.m; sourceTree = "<group>"; };
		CBA99E0316C597E00004DB3C /* Default.png */ = {isa = PBXFileReference; lastKnownFileType = image.png; path = Default.png; sourceTree = "<group>"; };
		CBA99E0516C597E00004DB3C /* Default@2x.png */ = {isa = PBXFileReference; lastKnownFileType = image.png; path = "Default@2x.png"; sourceTree = "<group>"; };
		CBA99E0716C597E00004DB3C /* Default-568h@2x.png */ = {isa = PBXFileReference; lastKnownFileType = image.png; path = "Default-568h@2x.png"; sourceTree = "<group>"; };
		CBBDCD7C1718A916008D1C1D /* GameResultsViewController.h */ = {isa = PBXFileReference; fileEncoding = 4; lastKnownFileType = sourcecode.c.h; path = GameResultsViewController.h; sourceTree = "<group>"; };
		CBBDCD7D1718A916008D1C1D /* GameResultsViewController.m */ = {isa = PBXFileReference; fileEncoding = 4; lastKnownFileType = sourcecode.c.objc; path = GameResultsViewController.m; sourceTree = "<group>"; };
		CBBDCD851718BB0C008D1C1D /* appIcon30x30.png */ = {isa = PBXFileReference; lastKnownFileType = image.png; path = appIcon30x30.png; sourceTree = "<group>"; };
		CBBDCD871718CD06008D1C1D /* star.png */ = {isa = PBXFileReference; lastKnownFileType = image.png; path = star.png; sourceTree = "<group>"; };
		CBBDCD881718CD06008D1C1D /* globe.png */ = {isa = PBXFileReference; lastKnownFileType = image.png; path = globe.png; sourceTree = "<group>"; };
		CBBDCD891718CD06008D1C1D /* play.png */ = {isa = PBXFileReference; lastKnownFileType = image.png; path = play.png; sourceTree = "<group>"; };
		CBBF72CB171F1DB000593B29 /* GameResults.h */ = {isa = PBXFileReference; fileEncoding = 4; lastKnownFileType = sourcecode.c.h; name = GameResults.h; path = ViewControllers/GameResults.h; sourceTree = "<group>"; };
		CBBF72CC171F1DB000593B29 /* GameResults.m */ = {isa = PBXFileReference; fileEncoding = 4; lastKnownFileType = sourcecode.c.objc; name = GameResults.m; path = ViewControllers/GameResults.m; sourceTree = "<group>"; };
		CBDBD0851715DE1A00F2728F /* Badges30x30.png */ = {isa = PBXFileReference; lastKnownFileType = image.png; path = Badges30x30.png; sourceTree = "<group>"; };
		CBDBD08E1715E5A300F2728F /* pie40x40.png */ = {isa = PBXFileReference; lastKnownFileType = image.png; path = pie40x40.png; sourceTree = "<group>"; };
		CBDBD08F1715E5A300F2728F /* pie50x50.png */ = {isa = PBXFileReference; lastKnownFileType = image.png; path = pie50x50.png; sourceTree = "<group>"; };
		CBDBD0921715E5D000F2728F /* appIconHiRes.png */ = {isa = PBXFileReference; lastKnownFileType = image.png; name = appIconHiRes.png; path = ../appIconHiRes.png; sourceTree = "<group>"; };
		CBDBD0931715E5D000F2728F /* appIconLowRes.png */ = {isa = PBXFileReference; lastKnownFileType = image.png; name = appIconLowRes.png; path = ../appIconLowRes.png; sourceTree = "<group>"; };
		CBF33D6D1727236B0025CADF /* SetViewController.h */ = {isa = PBXFileReference; fileEncoding = 4; lastKnownFileType = sourcecode.c.h; name = SetViewController.h; path = ViewControllers/SetViewController.h; sourceTree = "<group>"; };
		CBF33D6E1727236B0025CADF /* SetViewController.m */ = {isa = PBXFileReference; fileEncoding = 4; lastKnownFileType = sourcecode.c.objc; name = SetViewController.m; path = ViewControllers/SetViewController.m; sourceTree = "<group>"; };
/* End PBXFileReference section */

/* Begin PBXFrameworksBuildPhase section */
		CBA99DEB16C597E00004DB3C /* Frameworks */ = {
			isa = PBXFrameworksBuildPhase;
			buildActionMask = 2147483647;
			files = (
				CBA99DF216C597E00004DB3C /* UIKit.framework in Frameworks */,
				CBA99DF416C597E00004DB3C /* Foundation.framework in Frameworks */,
				CBA99DF616C597E00004DB3C /* CoreGraphics.framework in Frameworks */,
			);
			runOnlyForDeploymentPostprocessing = 0;
		};
/* End PBXFrameworksBuildPhase section */

/* Begin PBXGroup section */
		CB3BFEA01704FD1900DA72A2 /* Images */ = {
			isa = PBXGroup;
			children = (
				CBBDCD871718CD06008D1C1D /* star.png */,
				CBBDCD881718CD06008D1C1D /* globe.png */,
				CBBDCD891718CD06008D1C1D /* play.png */,
				CBBDCD851718BB0C008D1C1D /* appIcon30x30.png */,
				CBDBD0921715E5D000F2728F /* appIconHiRes.png */,
				CBDBD0931715E5D000F2728F /* appIconLowRes.png */,
				CBDBD08E1715E5A300F2728F /* pie40x40.png */,
				CBDBD08F1715E5A300F2728F /* pie50x50.png */,
				CBDBD0851715DE1A00F2728F /* Badges30x30.png */,
				CB7BA849170A1BEC00336972 /* Default-568h@2x.png */,
				CB7BA845170A1B6200336972 /* Default.png */,
				CB7BA846170A1B6200336972 /* Default@2x.png */,
			);
			name = Images;
			sourceTree = "<group>";
		};
		CB70BD6616C9BE4600A41D9B /* ViewControllers */ = {
			isa = PBXGroup;
			children = (
				CB70BD7716CB13A800A41D9B /* CardGameViewController.h */,
				CB70BD7816CB13A800A41D9B /* CardGameViewController.m */,
				CBBDCD7C1718A916008D1C1D /* GameResultsViewController.h */,
				CBBDCD7D1718A916008D1C1D /* GameResultsViewController.m */,
				CBF33D6D1727236B0025CADF /* SetViewController.h */,
				CBF33D6E1727236B0025CADF /* SetViewController.m */,
				CBBF72CB171F1DB000593B29 /* GameResults.h */,
				CBBF72CC171F1DB000593B29 /* GameResults.m */,
			);
			name = ViewControllers;
			sourceTree = "<group>";
		};
		CB70BD6A16C9BEB300A41D9B /* Model */ = {
			isa = PBXGroup;
			children = (
				CB70BD6C16C9BF4A00A41D9B /* Card.h */,
				CB70BD6D16C9BF4A00A41D9B /* Card.m */,
				CB70BD7116C9C09000A41D9B /* Deck.h */,
				CB70BD7216C9C09000A41D9B /* Deck.m */,
				CB70BD7416C9CB5400A41D9B /* PlayingCard.h */,
				CB70BD7516C9CB5400A41D9B /* PlayingCard.m */,
				CB3BFE9D17038ABA00DA72A2 /* PlayingCardDeck.h */,
				CB3BFE9E17038ABA00DA72A2 /* PlayingCardDeck.m */,
				CB3BFEC6170627BC00DA72A2 /* CardMatchingGame.h */,
				CB3BFEC7170627BF00DA72A2 /* CardMatchingGame.m */,
			);
			name = Model;
			sourceTree = "<group>";
		};
		CB70BD6B16C9BEE100A41D9B /* Storyboard */ = {
			isa = PBXGroup;
			children = (
				CB70BD6F16C9C07200A41D9B /* MainStoryboard.storyboard */,
			);
			name = Storyboard;
			sourceTree = "<group>";
		};
		CBA99DE516C597E00004DB3C = {
			isa = PBXGroup;
			children = (
				CBA99DF716C597E00004DB3C /* MaloMuchacho */,
				CBA99DF016C597E00004DB3C /* Frameworks */,
				CBA99DEF16C597E00004DB3C /* Products */,
			);
			sourceTree = "<group>";
		};
		CBA99DEF16C597E00004DB3C /* Products */ = {
			isa = PBXGroup;
			children = (
				CBA99DEE16C597E00004DB3C /* MaloMuchacho.app */,
			);
			name = Products;
			sourceTree = "<group>";
		};
		CBA99DF016C597E00004DB3C /* Frameworks */ = {
			isa = PBXGroup;
			children = (
				CBA99DF116C597E00004DB3C /* UIKit.framework */,
				CBA99DF316C597E00004DB3C /* Foundation.framework */,
				CBA99DF516C597E00004DB3C /* CoreGraphics.framework */,
			);
			name = Frameworks;
			sourceTree = "<group>";
		};
		CBA99DF716C597E00004DB3C /* MaloMuchacho */ = {
			isa = PBXGroup;
			children = (
				CB3BFEA01704FD1900DA72A2 /* Images */,
				CB70BD6616C9BE4600A41D9B /* ViewControllers */,
				CB70BD6A16C9BEB300A41D9B /* Model */,
				CB70BD6B16C9BEE100A41D9B /* Storyboard */,
				CBA99DF816C597E00004DB3C /* Supporting Files */,
			);
			path = MaloMuchacho;
			sourceTree = "<group>";
		};
		CBA99DF816C597E00004DB3C /* Supporting Files */ = {
			isa = PBXGroup;
			children = (
				CBA99E0016C597E00004DB3C /* AppDelegate.h */,
				CBA99E0116C597E00004DB3C /* AppDelegate.m */,
				CBA99DF916C597E00004DB3C /* MaloMuchacho-Info.plist */,
				CBA99DFA16C597E00004DB3C /* InfoPlist.strings */,
				CBA99DFD16C597E00004DB3C /* main.m */,
				CBA99DFF16C597E00004DB3C /* MaloMuchacho-Prefix.pch */,
				CBA99E0316C597E00004DB3C /* Default.png */,
				CBA99E0516C597E00004DB3C /* Default@2x.png */,
				CBA99E0716C597E00004DB3C /* Default-568h@2x.png */,
			);
			name = "Supporting Files";
			sourceTree = "<group>";
		};
/* End PBXGroup section */

/* Begin PBXNativeTarget section */
		CBA99DED16C597E00004DB3C /* MaloMuchacho */ = {
			isa = PBXNativeTarget;
			buildConfigurationList = CBA99E1116C597E00004DB3C /* Build configuration list for PBXNativeTarget "MaloMuchacho" */;
			buildPhases = (
				CBA99DEA16C597E00004DB3C /* Sources */,
				CBA99DEB16C597E00004DB3C /* Frameworks */,
				CBA99DEC16C597E00004DB3C /* Resources */,
			);
			buildRules = (
			);
			dependencies = (
			);
			name = MaloMuchacho;
			productName = MaloMuchacho;
			productReference = CBA99DEE16C597E00004DB3C /* MaloMuchacho.app */;
			productType = "com.apple.product-type.application";
		};
/* End PBXNativeTarget section */

/* Begin PBXProject section */
		CBA99DE616C597E00004DB3C /* Project object */ = {
			isa = PBXProject;
			attributes = {
				LastUpgradeCheck = 0460;
				ORGANIZATIONNAME = "The Grand Scheme";
			};
			buildConfigurationList = CBA99DE916C597E00004DB3C /* Build configuration list for PBXProject "MaloMuchacho" */;
			compatibilityVersion = "Xcode 3.2";
			developmentRegion = English;
			hasScannedForEncodings = 0;
			knownRegions = (
				en,
			);
			mainGroup = CBA99DE516C597E00004DB3C;
			productRefGroup = CBA99DEF16C597E00004DB3C /* Products */;
			projectDirPath = "";
			projectRoot = "";
			targets = (
				CBA99DED16C597E00004DB3C /* MaloMuchacho */,
			);
		};
/* End PBXProject section */

/* Begin PBXResourcesBuildPhase section */
		CBA99DEC16C597E00004DB3C /* Resources */ = {
			isa = PBXResourcesBuildPhase;
			buildActionMask = 2147483647;
			files = (
				CBA99DFC16C597E00004DB3C /* InfoPlist.strings in Resources */,
				CBA99E0416C597E00004DB3C /* Default.png in Resources */,
				CBA99E0616C597E00004DB3C /* Default@2x.png in Resources */,
				CBA99E0816C597E00004DB3C /* Default-568h@2x.png in Resources */,
				CB70BD7016C9C07200A41D9B /* MainStoryboard.storyboard in Resources */,
				CBDBD0861715DE1A00F2728F /* Badges30x30.png in Resources */,
				CBDBD0901715E5A300F2728F /* pie40x40.png in Resources */,
				CBDBD0911715E5A300F2728F /* pie50x50.png in Resources */,
				CBDBD0941715E5D000F2728F /* appIconHiRes.png in Resources */,
				CBDBD0951715E5D000F2728F /* appIconLowRes.png in Resources */,
				CBBDCD861718BB0C008D1C1D /* appIcon30x30.png in Resources */,
				CBBDCD8A1718CD06008D1C1D /* star.png in Resources */,
				CBBDCD8B1718CD06008D1C1D /* globe.png in Resources */,
				CBBDCD8C1718CD06008D1C1D /* play.png in Resources */,
			);
			runOnlyForDeploymentPostprocessing = 0;
		};
/* End PBXResourcesBuildPhase section */

/* Begin PBXSourcesBuildPhase section */
		CBA99DEA16C597E00004DB3C /* Sources */ = {
			isa = PBXSourcesBuildPhase;
			buildActionMask = 2147483647;
			files = (
				CBA99DFE16C597E00004DB3C /* main.m in Sources */,
				CBA99E0216C597E00004DB3C /* AppDelegate.m in Sources */,
				CB70BD6E16C9BF4A00A41D9B /* Card.m in Sources */,
				CB70BD7316C9C09000A41D9B /* Deck.m in Sources */,
				CB70BD7616C9CB5400A41D9B /* PlayingCard.m in Sources */,
				CB70BD7916CB13A800A41D9B /* CardGameViewController.m in Sources */,
				CB3BFE9F17038ABA00DA72A2 /* PlayingCardDeck.m in Sources */,
				CB3BFEC8170627C000DA72A2 /* CardMatchingGame.m in Sources */,
				CBBDCD7E1718A916008D1C1D /* GameResultsViewController.m in Sources */,
				CBBF72CD171F1DB000593B29 /* GameResults.m in Sources */,
				CBF33D6F1727236B0025CADF /* SetViewController.m in Sources */,
			);
			runOnlyForDeploymentPostprocessing = 0;
		};
/* End PBXSourcesBuildPhase section */

/* Begin PBXVariantGroup section */
		CBA99DFA16C597E00004DB3C /* InfoPlist.strings */ = {
			isa = PBXVariantGroup;
			children = (
				CBA99DFB16C597E00004DB3C /* en */,
			);
			name = InfoPlist.strings;
			sourceTree = "<group>";
		};
/* End PBXVariantGroup section */

/* Begin XCBuildConfiguration section */
		CBA99E0F16C597E00004DB3C /* Debug */ = {
			isa = XCBuildConfiguration;
			buildSettings = {
				ALWAYS_SEARCH_USER_PATHS = NO;
				CLANG_CXX_LANGUAGE_STANDARD = "gnu++0x";
				CLANG_CXX_LIBRARY = "libc++";
				CLANG_ENABLE_OBJC_ARC = YES;
				CLANG_WARN_CONSTANT_CONVERSION = YES;
				CLANG_WARN_EMPTY_BODY = YES;
				CLANG_WARN_ENUM_CONVERSION = YES;
				CLANG_WARN_INT_CONVERSION = YES;
				CLANG_WARN__DUPLICATE_METHOD_MATCH = YES;
				"CODE_SIGN_IDENTITY[sdk=iphoneos*]" = "iPhone Developer";
				COPY_PHASE_STRIP = NO;
				GCC_C_LANGUAGE_STANDARD = gnu99;
				GCC_DYNAMIC_NO_PIC = NO;
				GCC_OPTIMIZATION_LEVEL = 0;
				GCC_PREPROCESSOR_DEFINITIONS = (
					"DEBUG=1",
					"$(inherited)",
				);
				GCC_SYMBOLS_PRIVATE_EXTERN = NO;
				GCC_WARN_ABOUT_RETURN_TYPE = YES;
				GCC_WARN_UNINITIALIZED_AUTOS = YES;
				GCC_WARN_UNUSED_VARIABLE = YES;
				IPHONEOS_DEPLOYMENT_TARGET = 6.1;
				ONLY_ACTIVE_ARCH = YES;
				SDKROOT = iphoneos;
			};
			name = Debug;
		};
		CBA99E1016C597E00004DB3C /* Release */ = {
			isa = XCBuildConfiguration;
			buildSettings = {
				ALWAYS_SEARCH_USER_PATHS = NO;
				CLANG_CXX_LANGUAGE_STANDARD = "gnu++0x";
				CLANG_CXX_LIBRARY = "libc++";
				CLANG_ENABLE_OBJC_ARC = YES;
				CLANG_WARN_CONSTANT_CONVERSION = YES;
				CLANG_WARN_EMPTY_BODY = YES;
				CLANG_WARN_ENUM_CONVERSION = YES;
				CLANG_WARN_INT_CONVERSION = YES;
				CLANG_WARN__DUPLICATE_METHOD_MATCH = YES;
				"CODE_SIGN_IDENTITY[sdk=iphoneos*]" = "iPhone Developer";
				COPY_PHASE_STRIP = YES;
				GCC_C_LANGUAGE_STANDARD = gnu99;
				GCC_WARN_ABOUT_RETURN_TYPE = YES;
				GCC_WARN_UNINITIALIZED_AUTOS = YES;
				GCC_WARN_UNUSED_VARIABLE = YES;
				IPHONEOS_DEPLOYMENT_TARGET = 6.1;
				OTHER_CFLAGS = "-DNS_BLOCK_ASSERTIONS=1";
				SDKROOT = iphoneos;
				VALIDATE_PRODUCT = YES;
			};
			name = Release;
		};
		CBA99E1216C597E00004DB3C /* Debug */ = {
			isa = XCBuildConfiguration;
			buildSettings = {
				GCC_PRECOMPILE_PREFIX_HEADER = YES;
				GCC_PREFIX_HEADER = "MaloMuchacho/MaloMuchacho-Prefix.pch";
				INFOPLIST_FILE = "MaloMuchacho/MaloMuchacho-Info.plist";
				PRODUCT_NAME = "$(TARGET_NAME)";
				WRAPPER_EXTENSION = app;
			};
			name = Debug;
		};
		CBA99E1316C597E00004DB3C /* Release */ = {
			isa = XCBuildConfiguration;
			buildSettings = {
				GCC_PRECOMPILE_PREFIX_HEADER = YES;
				GCC_PREFIX_HEADER = "MaloMuchacho/MaloMuchacho-Prefix.pch";
				INFOPLIST_FILE = "MaloMuchacho/MaloMuchacho-Info.plist";
				PRODUCT_NAME = "$(TARGET_NAME)";
				WRAPPER_EXTENSION = app;
			};
			name = Release;
		};
/* End XCBuildConfiguration section */

/* Begin XCConfigurationList section */
		CBA99DE916C597E00004DB3C /* Build configuration list for PBXProject "MaloMuchacho" */ = {
			isa = XCConfigurationList;
			buildConfigurations = (
				CBA99E0F16C597E00004DB3C /* Debug */,
				CBA99E1016C597E00004DB3C /* Release */,
			);
			defaultConfigurationIsVisible = 0;
			defaultConfigurationName = Release;
		};
		CBA99E1116C597E00004DB3C /* Build configuration list for PBXNativeTarget "MaloMuchacho" */ = {
			isa = XCConfigurationList;
			buildConfigurations = (
				CBA99E1216C597E00004DB3C /* Debug */,
				CBA99E1316C597E00004DB3C /* Release */,
			);
			defaultConfigurationIsVisible = 0;
			defaultConfigurationName = Release;
		};
/* End XCConfigurationList section */
	};
	rootObject = CBA99DE616C597E00004DB3C /* Project object */;
}
